{
  "pins" : [
    {
      "identity" : "delayedtransitionview",
      "kind" : "remoteSourceControl",
      "location" : "https://github.com/stonko1994/DelayedTransitionView",
      "state" : {
        "revision" : "062897343243bed3a236414f2621f49969d6a583",
        "version" : "1.1.0"
      }
    },
    {
      "identity" : "marquee",
      "kind" : "remoteSourceControl",
      "location" : "https://github.com/stonko1994/Marquee",
      "state" : {
        "revision" : "65560cb07815a47de6805eead01bd653fce9b9b2",
        "version" : "1.0.0"
      }
    },
    {
      "identity" : "swiftuix",
      "kind" : "remoteSourceControl",
      "location" : "https://github.com/SwiftUIX/SwiftUIX",
      "state" : {
        "revision" : "5d472e5797d377af3d65c711af60277c7a753663",
        "version" : "0.1.7"
      }
    }
  ],
  "version" : 2
}
